
Microsoft Visual Studio Solution File, Format Version 12.00
# Visual Studio 14
VisualStudioVersion = 14.0.23107.0
MinimumVisualStudioVersion = 10.0.40219.1
Project("{FAE04EC0-301F-11D3-BF4B-00C04F79EFBC}") = "StackOverflowNotifier.UWP", "Windows\StackOverflowNotifier.UWP\StackOverflowNotifier.UWP.csproj", "{80199993-94C4-4B18-AC0B-1514E0D01969}"
EndProject
Project("{FAE04EC0-301F-11D3-BF4B-00C04F79EFBC}") = "StackOverflowNotifier.UWP.BackgroundTask", "Windows\StackOverflowNotifier.UWP.BackgroundTask\StackOverflowNotifier.UWP.BackgroundTask.csproj", "{09285D47-8FB6-4308-B037-01D16A4B747C}"
EndProject
Project("{FAE04EC0-301F-11D3-BF4B-00C04F79EFBC}") = "StackOverflowNotifier.Shared", "StackOverflowNotifier.Shared\StackOverflowNotifier.Shared.csproj", "{B9E27900-E69D-4475-AEB0-008A38B8FDC2}"
EndProject
Project("{FAE04EC0-301F-11D3-BF4B-00C04F79EFBC}") = "StackOverflowNotifier.UWP.Shared", "Windows\StackOverflowNotifier.UWP.Shared\StackOverflowNotifier.UWP.Shared.csproj", "{EF5B9436-DBAB-40F3-A9BE-F8CAA1B3574E}"
EndProject
Project("{2150E333-8FDC-42A3-9474-1A3956D46DE8}") = "Windows", "Windows", "{08F718B5-78CC-40D4-ACB2-497E4B50BBDD}"
EndProject
Global
	GlobalSection(SolutionConfigurationPlatforms) = preSolution
		Debug|Any CPU = Debug|Any CPU
		Debug|ARM = Debug|ARM
		Debug|x64 = Debug|x64
		Debug|x86 = Debug|x86
		Release|Any CPU = Release|Any CPU
		Release|ARM = Release|ARM
		Release|x64 = Release|x64
		Release|x86 = Release|x86
	EndGlobalSection
	GlobalSection(ProjectConfigurationPlatforms) = postSolution
		{80199993-94C4-4B18-AC0B-1514E0D01969}.Debug|Any CPU.ActiveCfg = Debug|x86
		{80199993-94C4-4B18-AC0B-1514E0D01969}.Debug|Any CPU.Build.0 = Debug|x86
		{80199993-94C4-4B18-AC0B-1514E0D01969}.Debug|Any CPU.Deploy.0 = Debug|x86
		{80199993-94C4-4B18-AC0B-1514E0D01969}.Debug|ARM.ActiveCfg = Debug|ARM
		{80199993-94C4-4B18-AC0B-1514E0D01969}.Debug|ARM.Build.0 = Debug|ARM
		{80199993-94C4-4B18-AC0B-1514E0D01969}.Debug|ARM.Deploy.0 = Debug|ARM
		{80199993-94C4-4B18-AC0B-1514E0D01969}.Debug|x64.ActiveCfg = Debug|x64
		{80199993-94C4-4B18-AC0B-1514E0D01969}.Debug|x64.Build.0 = Debug|x64
		{80199993-94C4-4B18-AC0B-1514E0D01969}.Debug|x64.Deploy.0 = Debug|x64
		{80199993-94C4-4B18-AC0B-1514E0D01969}.Debug|x86.ActiveCfg = Debug|x86
		{80199993-94C4-4B18-AC0B-1514E0D01969}.Debug|x86.Build.0 = Debug|x86
		{80199993-94C4-4B18-AC0B-1514E0D01969}.Debug|x86.Deploy.0 = Debug|x86
		{80199993-94C4-4B18-AC0B-1514E0D01969}.Release|Any CPU.ActiveCfg = Release|x86
		{80199993-94C4-4B18-AC0B-1514E0D01969}.Release|Any CPU.Build.0 = Release|x86
		{80199993-94C4-4B18-AC0B-1514E0D01969}.Release|Any CPU.Deploy.0 = Release|x86
		{80199993-94C4-4B18-AC0B-1514E0D01969}.Release|ARM.ActiveCfg = Release|ARM
		{80199993-94C4-4B18-AC0B-1514E0D01969}.Release|ARM.Build.0 = Release|ARM
		{80199993-94C4-4B18-AC0B-1514E0D01969}.Release|ARM.Deploy.0 = Release|ARM
		{80199993-94C4-4B18-AC0B-1514E0D01969}.Release|x64.ActiveCfg = Release|x64
		{80199993-94C4-4B18-AC0B-1514E0D01969}.Release|x64.Build.0 = Release|x64
		{80199993-94C4-4B18-AC0B-1514E0D01969}.Release|x64.Deploy.0 = Release|x64
		{80199993-94C4-4B18-AC0B-1514E0D01969}.Release|x86.ActiveCfg = Release|x86
		{80199993-94C4-4B18-AC0B-1514E0D01969}.Release|x86.Build.0 = Release|x86
		{80199993-94C4-4B18-AC0B-1514E0D01969}.Release|x86.Deploy.0 = Release|x86
		{09285D47-8FB6-4308-B037-01D16A4B747C}.Debug|Any CPU.ActiveCfg = Debug|Any CPU
		{09285D47-8FB6-4308-B037-01D16A4B747C}.Debug|Any CPU.Build.0 = Debug|Any CPU
		{09285D47-8FB6-4308-B037-01D16A4B747C}.Debug|ARM.ActiveCfg = Debug|ARM
		{09285D47-8FB6-4308-B037-01D16A4B747C}.Debug|ARM.Build.0 = Debug|ARM
		{09285D47-8FB6-4308-B037-01D16A4B747C}.Debug|x64.ActiveCfg = Debug|x64
		{09285D47-8FB6-4308-B037-01D16A4B747C}.Debug|x64.Build.0 = Debug|x64
		{09285D47-8FB6-4308-B037-01D16A4B747C}.Debug|x86.ActiveCfg = Debug|x86
		{09285D47-8FB6-4308-B037-01D16A4B747C}.Debug|x86.Build.0 = Debug|x86
		{09285D47-8FB6-4308-B037-01D16A4B747C}.Release|Any CPU.ActiveCfg = Release|Any CPU
		{09285D47-8FB6-4308-B037-01D16A4B747C}.Release|Any CPU.Build.0 = Release|Any CPU
		{09285D47-8FB6-4308-B037-01D16A4B747C}.Release|ARM.ActiveCfg = Release|ARM
		{09285D47-8FB6-4308-B037-01D16A4B747C}.Release|ARM.Build.0 = Release|ARM
		{09285D47-8FB6-4308-B037-01D16A4B747C}.Release|x64.ActiveCfg = Release|x64
		{09285D47-8FB6-4308-B037-01D16A4B747C}.Release|x64.Build.0 = Release|x64
		{09285D47-8FB6-4308-B037-01D16A4B747C}.Release|x86.ActiveCfg = Release|x86
		{09285D47-8FB6-4308-B037-01D16A4B747C}.Release|x86.Build.0 = Release|x86
		{B9E27900-E69D-4475-AEB0-008A38B8FDC2}.Debug|Any CPU.ActiveCfg = Debug|Any CPU
		{B9E27900-E69D-4475-AEB0-008A38B8FDC2}.Debug|Any CPU.Build.0 = Debug|Any CPU
		{B9E27900-E69D-4475-AEB0-008A38B8FDC2}.Debug|ARM.ActiveCfg = Debug|Any CPU
		{B9E27900-E69D-4475-AEB0-008A38B8FDC2}.Debug|ARM.Build.0 = Debug|Any CPU
		{B9E27900-E69D-4475-AEB0-008A38B8FDC2}.Debug|x64.ActiveCfg = Debug|Any CPU
		{B9E27900-E69D-4475-AEB0-008A38B8FDC2}.Debug|x64.Build.0 = Debug|Any CPU
		{B9E27900-E69D-4475-AEB0-008A38B8FDC2}.Debug|x86.ActiveCfg = Debug|Any CPU
		{B9E27900-E69D-4475-AEB0-008A38B8FDC2}.Debug|x86.Build.0 = Debug|Any CPU
		{B9E27900-E69D-4475-AEB0-008A38B8FDC2}.Release|Any CPU.ActiveCfg = Release|Any CPU
		{B9E27900-E69D-4475-AEB0-008A38B8FDC2}.Release|Any CPU.Build.0 = Release|Any CPU
		{B9E27900-E69D-4475-AEB0-008A38B8FDC2}.Release|ARM.ActiveCfg = Release|Any CPU
		{B9E27900-E69D-4475-AEB0-008A38B8FDC2}.Release|ARM.Build.0 = Release|Any CPU
		{B9E27900-E69D-4475-AEB0-008A38B8FDC2}.Release|x64.ActiveCfg = Release|Any CPU
		{B9E27900-E69D-4475-AEB0-008A38B8FDC2}.Release|x64.Build.0 = Release|Any CPU
		{B9E27900-E69D-4475-AEB0-008A38B8FDC2}.Release|x86.ActiveCfg = Release|Any CPU
		{B9E27900-E69D-4475-AEB0-008A38B8FDC2}.Release|x86.Build.0 = Release|Any CPU
		{EF5B9436-DBAB-40F3-A9BE-F8CAA1B3574E}.Debug|Any CPU.ActiveCfg = Debug|Any CPU
		{EF5B9436-DBAB-40F3-A9BE-F8CAA1B3574E}.Debug|Any CPU.Build.0 = Debug|Any CPU
		{EF5B9436-DBAB-40F3-A9BE-F8CAA1B3574E}.Debug|ARM.ActiveCfg = Debug|ARM
		{EF5B9436-DBAB-40F3-A9BE-F8CAA1B3574E}.Debug|ARM.Build.0 = Debug|ARM
		{EF5B9436-DBAB-40F3-A9BE-F8CAA1B3574E}.Debug|x64.ActiveCfg = Debug|x64
		{EF5B9436-DBAB-40F3-A9BE-F8CAA1B3574E}.Debug|x64.Build.0 = Debug|x64
		{EF5B9436-DBAB-40F3-A9BE-F8CAA1B3574E}.Debug|x86.ActiveCfg = Debug|x86
		{EF5B9436-DBAB-40F3-A9BE-F8CAA1B3574E}.Debug|x86.Build.0 = Debug|x86
		{EF5B9436-DBAB-40F3-A9BE-F8CAA1B3574E}.Release|Any CPU.ActiveCfg = Release|Any CPU
		{EF5B9436-DBAB-40F3-A9BE-F8CAA1B3574E}.Release|Any CPU.Build.0 = Release|Any CPU
		{EF5B9436-DBAB-40F3-A9BE-F8CAA1B3574E}.Release|ARM.ActiveCfg = Release|ARM
		{EF5B9436-DBAB-40F3-A9BE-F8CAA1B3574E}.Release|ARM.Build.0 = Release|ARM
		{EF5B9436-DBAB-40F3-A9BE-F8CAA1B3574E}.Release|x64.ActiveCfg = Release|x64
		{EF5B9436-DBAB-40F3-A9BE-F8CAA1B3574E}.Release|x64.Build.0 = Release|x64
		{EF5B9436-DBAB-40F3-A9BE-F8CAA1B3574E}.Release|x86.ActiveCfg = Release|x86
		{EF5B9436-DBAB-40F3-A9BE-F8CAA1B3574E}.Release|x86.Build.0 = Release|x86
	EndGlobalSection
	GlobalSection(SolutionProperties) = preSolution
		HideSolutionNode = FALSE
	EndGlobalSection
	GlobalSection(NestedProjects) = preSolution
		{80199993-94C4-4B18-AC0B-1514E0D01969} = {08F718B5-78CC-40D4-ACB2-497E4B50BBDD}
		{09285D47-8FB6-4308-B037-01D16A4B747C} = {08F718B5-78CC-40D4-ACB2-497E4B50BBDD}
		{EF5B9436-DBAB-40F3-A9BE-F8CAA1B3574E} = {08F718B5-78CC-40D4-ACB2-497E4B50BBDD}
	EndGlobalSection
EndGlobal
