
Microsoft Visual Studio Solution File, Format Version 12.00
# Visual Studio 14
VisualStudioVersion = 14.0.25123.0
MinimumVisualStudioVersion = 10.0.40219.1
Project("{FAE04EC0-301F-11D3-BF4B-00C04F79EFBC}") = "StackOverflowNotifier.UWP", "Windows\StackOverflowNotifier.UWP\StackOverflowNotifier.UWP.csproj", "{80199993-94C4-4B18-AC0B-1514E0D01969}"
EndProject
Project("{FAE04EC0-301F-11D3-BF4B-00C04F79EFBC}") = "StackOverflowNotifier.UWP.BackgroundTask", "Windows\StackOverflowNotifier.UWP.BackgroundTask\StackOverflowNotifier.UWP.BackgroundTask.csproj", "{09285D47-8FB6-4308-B037-01D16A4B747C}"
EndProject
Project("{FAE04EC0-301F-11D3-BF4B-00C04F79EFBC}") = "StackOverflowNotifier.UWP.Shared", "Windows\StackOverflowNotifier.UWP.Shared\StackOverflowNotifier.UWP.Shared.csproj", "{EF5B9436-DBAB-40F3-A9BE-F8CAA1B3574E}"
EndProject
Project("{2150E333-8FDC-42A3-9474-1A3956D46DE8}") = "Windows", "Windows", "{08F718B5-78CC-40D4-ACB2-497E4B50BBDD}"
EndProject
Project("{2150E333-8FDC-42A3-9474-1A3956D46DE8}") = "Xamarin.Forms", "Xamarin.Forms", "{09751793-F0B5-4A48-A3AE-B727A4356B97}"
EndProject
Project("{FAE04EC0-301F-11D3-BF4B-00C04F79EFBC}") = "StackOverflowNotifier.Droid", "StackOverflowNotifier\StackOverflowNotifier.Droid\StackOverflowNotifier.Droid.csproj", "{6B02DCE2-0C82-4B19-9B03-A5B47CF717F4}"
EndProject
Project("{FAE04EC0-301F-11D3-BF4B-00C04F79EFBC}") = "StackOverflowNotifier.iOS", "StackOverflowNotifier\StackOverflowNotifier.iOS\StackOverflowNotifier.iOS.csproj", "{AEEF1504-2EBA-4707-91DB-9F9638BB6111}"
EndProject
Project("{FAE04EC0-301F-11D3-BF4B-00C04F79EFBC}") = "StackOverflowNotifier.WinPhone", "StackOverflowNotifier\StackOverflowNotifier.WinPhone\StackOverflowNotifier.WinPhone.csproj", "{C5DA454F-AAE9-4C2A-9039-4B2A6EF94AED}"
EndProject
Project("{FAE04EC0-301F-11D3-BF4B-00C04F79EFBC}") = "StackOverflowNotifier.UWP", "StackOverflowNotifier\StackOverflowNotifier.UWP\StackOverflowNotifier.UWP.csproj", "{66387551-D978-4287-9B24-0FDB10273F97}"
EndProject
Project("{FAE04EC0-301F-11D3-BF4B-00C04F79EFBC}") = "StackOverflowNotifier.Windows", "StackOverflowNotifier\StackOverflowNotifier.Windows\StackOverflowNotifier.Windows.csproj", "{7F7FF1E9-8CC1-45F4-9C76-784812E2488B}"
EndProject
Project("{FAE04EC0-301F-11D3-BF4B-00C04F79EFBC}") = "StackOverflowNotifier", "StackOverflowNotifier\StackOverflowNotifier\StackOverflowNotifier.csproj", "{D5AAF8E4-2480-4EA9-A92B-FFA0656CB5BA}"
EndProject
Project("{2150E333-8FDC-42A3-9474-1A3956D46DE8}") = "Shared", "Shared", "{A5A2301E-381E-4ACE-B655-B4D667FA8B03}"
EndProject
Project("{FAE04EC0-301F-11D3-BF4B-00C04F79EFBC}") = "StackOverflowNotifier.Shared", "StackOverflowNotifier\StackOverflowNotifier.Shared\StackOverflowNotifier.Shared.csproj", "{F5EB2348-A383-4070-B901-59F6228E9B01}"
EndProject
Global
	GlobalSection(SolutionConfigurationPlatforms) = preSolution
		Ad-Hoc|Any CPU = Ad-Hoc|Any CPU
		Ad-Hoc|ARM = Ad-Hoc|ARM
		Ad-Hoc|iPhone = Ad-Hoc|iPhone
		Ad-Hoc|iPhoneSimulator = Ad-Hoc|iPhoneSimulator
		Ad-Hoc|x64 = Ad-Hoc|x64
		Ad-Hoc|x86 = Ad-Hoc|x86
		AppStore|Any CPU = AppStore|Any CPU
		AppStore|ARM = AppStore|ARM
		AppStore|iPhone = AppStore|iPhone
		AppStore|iPhoneSimulator = AppStore|iPhoneSimulator
		AppStore|x64 = AppStore|x64
		AppStore|x86 = AppStore|x86
		Debug|Any CPU = Debug|Any CPU
		Debug|ARM = Debug|ARM
		Debug|iPhone = Debug|iPhone
		Debug|iPhoneSimulator = Debug|iPhoneSimulator
		Debug|x64 = Debug|x64
		Debug|x86 = Debug|x86
		Release|Any CPU = Release|Any CPU
		Release|ARM = Release|ARM
		Release|iPhone = Release|iPhone
		Release|iPhoneSimulator = Release|iPhoneSimulator
		Release|x64 = Release|x64
		Release|x86 = Release|x86
	EndGlobalSection
	GlobalSection(ProjectConfigurationPlatforms) = postSolution
		{80199993-94C4-4B18-AC0B-1514E0D01969}.Ad-Hoc|Any CPU.ActiveCfg = Release|x64
		{80199993-94C4-4B18-AC0B-1514E0D01969}.Ad-Hoc|Any CPU.Build.0 = Release|x64
		{80199993-94C4-4B18-AC0B-1514E0D01969}.Ad-Hoc|Any CPU.Deploy.0 = Release|x64
		{80199993-94C4-4B18-AC0B-1514E0D01969}.Ad-Hoc|ARM.ActiveCfg = Release|ARM
		{80199993-94C4-4B18-AC0B-1514E0D01969}.Ad-Hoc|ARM.Build.0 = Release|ARM
		{80199993-94C4-4B18-AC0B-1514E0D01969}.Ad-Hoc|ARM.Deploy.0 = Release|ARM
		{80199993-94C4-4B18-AC0B-1514E0D01969}.Ad-Hoc|iPhone.ActiveCfg = Release|x64
		{80199993-94C4-4B18-AC0B-1514E0D01969}.Ad-Hoc|iPhone.Build.0 = Release|x64
		{80199993-94C4-4B18-AC0B-1514E0D01969}.Ad-Hoc|iPhone.Deploy.0 = Release|x64
		{80199993-94C4-4B18-AC0B-1514E0D01969}.Ad-Hoc|iPhoneSimulator.ActiveCfg = Release|x64
		{80199993-94C4-4B18-AC0B-1514E0D01969}.Ad-Hoc|iPhoneSimulator.Build.0 = Release|x64
		{80199993-94C4-4B18-AC0B-1514E0D01969}.Ad-Hoc|iPhoneSimulator.Deploy.0 = Release|x64
		{80199993-94C4-4B18-AC0B-1514E0D01969}.Ad-Hoc|x64.ActiveCfg = Release|x64
		{80199993-94C4-4B18-AC0B-1514E0D01969}.Ad-Hoc|x64.Build.0 = Release|x64
		{80199993-94C4-4B18-AC0B-1514E0D01969}.Ad-Hoc|x64.Deploy.0 = Release|x64
		{80199993-94C4-4B18-AC0B-1514E0D01969}.Ad-Hoc|x86.ActiveCfg = Release|x86
		{80199993-94C4-4B18-AC0B-1514E0D01969}.Ad-Hoc|x86.Build.0 = Release|x86
		{80199993-94C4-4B18-AC0B-1514E0D01969}.Ad-Hoc|x86.Deploy.0 = Release|x86
		{80199993-94C4-4B18-AC0B-1514E0D01969}.AppStore|Any CPU.ActiveCfg = Release|x64
		{80199993-94C4-4B18-AC0B-1514E0D01969}.AppStore|Any CPU.Build.0 = Release|x64
		{80199993-94C4-4B18-AC0B-1514E0D01969}.AppStore|Any CPU.Deploy.0 = Release|x64
		{80199993-94C4-4B18-AC0B-1514E0D01969}.AppStore|ARM.ActiveCfg = Release|ARM
		{80199993-94C4-4B18-AC0B-1514E0D01969}.AppStore|ARM.Build.0 = Release|ARM
		{80199993-94C4-4B18-AC0B-1514E0D01969}.AppStore|ARM.Deploy.0 = Release|ARM
		{80199993-94C4-4B18-AC0B-1514E0D01969}.AppStore|iPhone.ActiveCfg = Release|x64
		{80199993-94C4-4B18-AC0B-1514E0D01969}.AppStore|iPhone.Build.0 = Release|x64
		{80199993-94C4-4B18-AC0B-1514E0D01969}.AppStore|iPhone.Deploy.0 = Release|x64
		{80199993-94C4-4B18-AC0B-1514E0D01969}.AppStore|iPhoneSimulator.ActiveCfg = Release|x64
		{80199993-94C4-4B18-AC0B-1514E0D01969}.AppStore|iPhoneSimulator.Build.0 = Release|x64
		{80199993-94C4-4B18-AC0B-1514E0D01969}.AppStore|iPhoneSimulator.Deploy.0 = Release|x64
		{80199993-94C4-4B18-AC0B-1514E0D01969}.AppStore|x64.ActiveCfg = Release|x64
		{80199993-94C4-4B18-AC0B-1514E0D01969}.AppStore|x64.Build.0 = Release|x64
		{80199993-94C4-4B18-AC0B-1514E0D01969}.AppStore|x64.Deploy.0 = Release|x64
		{80199993-94C4-4B18-AC0B-1514E0D01969}.AppStore|x86.ActiveCfg = Release|x86
		{80199993-94C4-4B18-AC0B-1514E0D01969}.AppStore|x86.Build.0 = Release|x86
		{80199993-94C4-4B18-AC0B-1514E0D01969}.AppStore|x86.Deploy.0 = Release|x86
		{80199993-94C4-4B18-AC0B-1514E0D01969}.Debug|Any CPU.ActiveCfg = Debug|x86
		{80199993-94C4-4B18-AC0B-1514E0D01969}.Debug|Any CPU.Build.0 = Debug|x86
		{80199993-94C4-4B18-AC0B-1514E0D01969}.Debug|Any CPU.Deploy.0 = Debug|x86
		{80199993-94C4-4B18-AC0B-1514E0D01969}.Debug|ARM.ActiveCfg = Debug|ARM
		{80199993-94C4-4B18-AC0B-1514E0D01969}.Debug|ARM.Build.0 = Debug|ARM
		{80199993-94C4-4B18-AC0B-1514E0D01969}.Debug|ARM.Deploy.0 = Debug|ARM
		{80199993-94C4-4B18-AC0B-1514E0D01969}.Debug|iPhone.ActiveCfg = Debug|x86
		{80199993-94C4-4B18-AC0B-1514E0D01969}.Debug|iPhoneSimulator.ActiveCfg = Debug|x86
		{80199993-94C4-4B18-AC0B-1514E0D01969}.Debug|x64.ActiveCfg = Debug|x64
		{80199993-94C4-4B18-AC0B-1514E0D01969}.Debug|x64.Build.0 = Debug|x64
		{80199993-94C4-4B18-AC0B-1514E0D01969}.Debug|x64.Deploy.0 = Debug|x64
		{80199993-94C4-4B18-AC0B-1514E0D01969}.Debug|x86.ActiveCfg = Debug|x86
		{80199993-94C4-4B18-AC0B-1514E0D01969}.Debug|x86.Build.0 = Debug|x86
		{80199993-94C4-4B18-AC0B-1514E0D01969}.Debug|x86.Deploy.0 = Debug|x86
		{80199993-94C4-4B18-AC0B-1514E0D01969}.Release|Any CPU.ActiveCfg = Release|x86
		{80199993-94C4-4B18-AC0B-1514E0D01969}.Release|Any CPU.Build.0 = Release|x86
		{80199993-94C4-4B18-AC0B-1514E0D01969}.Release|Any CPU.Deploy.0 = Release|x86
		{80199993-94C4-4B18-AC0B-1514E0D01969}.Release|ARM.ActiveCfg = Release|ARM
		{80199993-94C4-4B18-AC0B-1514E0D01969}.Release|ARM.Build.0 = Release|ARM
		{80199993-94C4-4B18-AC0B-1514E0D01969}.Release|ARM.Deploy.0 = Release|ARM
		{80199993-94C4-4B18-AC0B-1514E0D01969}.Release|iPhone.ActiveCfg = Release|x86
		{80199993-94C4-4B18-AC0B-1514E0D01969}.Release|iPhoneSimulator.ActiveCfg = Release|x86
		{80199993-94C4-4B18-AC0B-1514E0D01969}.Release|x64.ActiveCfg = Release|x64
		{80199993-94C4-4B18-AC0B-1514E0D01969}.Release|x64.Build.0 = Release|x64
		{80199993-94C4-4B18-AC0B-1514E0D01969}.Release|x64.Deploy.0 = Release|x64
		{80199993-94C4-4B18-AC0B-1514E0D01969}.Release|x86.ActiveCfg = Release|x86
		{80199993-94C4-4B18-AC0B-1514E0D01969}.Release|x86.Build.0 = Release|x86
		{80199993-94C4-4B18-AC0B-1514E0D01969}.Release|x86.Deploy.0 = Release|x86
		{09285D47-8FB6-4308-B037-01D16A4B747C}.Ad-Hoc|Any CPU.ActiveCfg = Release|Any CPU
		{09285D47-8FB6-4308-B037-01D16A4B747C}.Ad-Hoc|Any CPU.Build.0 = Release|Any CPU
		{09285D47-8FB6-4308-B037-01D16A4B747C}.Ad-Hoc|ARM.ActiveCfg = Release|ARM
		{09285D47-8FB6-4308-B037-01D16A4B747C}.Ad-Hoc|ARM.Build.0 = Release|ARM
		{09285D47-8FB6-4308-B037-01D16A4B747C}.Ad-Hoc|iPhone.ActiveCfg = Release|Any CPU
		{09285D47-8FB6-4308-B037-01D16A4B747C}.Ad-Hoc|iPhone.Build.0 = Release|Any CPU
		{09285D47-8FB6-4308-B037-01D16A4B747C}.Ad-Hoc|iPhoneSimulator.ActiveCfg = Release|Any CPU
		{09285D47-8FB6-4308-B037-01D16A4B747C}.Ad-Hoc|iPhoneSimulator.Build.0 = Release|Any CPU
		{09285D47-8FB6-4308-B037-01D16A4B747C}.Ad-Hoc|x64.ActiveCfg = Release|x64
		{09285D47-8FB6-4308-B037-01D16A4B747C}.Ad-Hoc|x64.Build.0 = Release|x64
		{09285D47-8FB6-4308-B037-01D16A4B747C}.Ad-Hoc|x86.ActiveCfg = Release|x86
		{09285D47-8FB6-4308-B037-01D16A4B747C}.Ad-Hoc|x86.Build.0 = Release|x86
		{09285D47-8FB6-4308-B037-01D16A4B747C}.AppStore|Any CPU.ActiveCfg = Release|Any CPU
		{09285D47-8FB6-4308-B037-01D16A4B747C}.AppStore|Any CPU.Build.0 = Release|Any CPU
		{09285D47-8FB6-4308-B037-01D16A4B747C}.AppStore|ARM.ActiveCfg = Release|ARM
		{09285D47-8FB6-4308-B037-01D16A4B747C}.AppStore|ARM.Build.0 = Release|ARM
		{09285D47-8FB6-4308-B037-01D16A4B747C}.AppStore|iPhone.ActiveCfg = Release|Any CPU
		{09285D47-8FB6-4308-B037-01D16A4B747C}.AppStore|iPhone.Build.0 = Release|Any CPU
		{09285D47-8FB6-4308-B037-01D16A4B747C}.AppStore|iPhoneSimulator.ActiveCfg = Release|Any CPU
		{09285D47-8FB6-4308-B037-01D16A4B747C}.AppStore|iPhoneSimulator.Build.0 = Release|Any CPU
		{09285D47-8FB6-4308-B037-01D16A4B747C}.AppStore|x64.ActiveCfg = Release|x64
		{09285D47-8FB6-4308-B037-01D16A4B747C}.AppStore|x64.Build.0 = Release|x64
		{09285D47-8FB6-4308-B037-01D16A4B747C}.AppStore|x86.ActiveCfg = Release|x86
		{09285D47-8FB6-4308-B037-01D16A4B747C}.AppStore|x86.Build.0 = Release|x86
		{09285D47-8FB6-4308-B037-01D16A4B747C}.Debug|Any CPU.ActiveCfg = Debug|Any CPU
		{09285D47-8FB6-4308-B037-01D16A4B747C}.Debug|Any CPU.Build.0 = Debug|Any CPU
		{09285D47-8FB6-4308-B037-01D16A4B747C}.Debug|ARM.ActiveCfg = Debug|ARM
		{09285D47-8FB6-4308-B037-01D16A4B747C}.Debug|ARM.Build.0 = Debug|ARM
		{09285D47-8FB6-4308-B037-01D16A4B747C}.Debug|iPhone.ActiveCfg = Debug|Any CPU
		{09285D47-8FB6-4308-B037-01D16A4B747C}.Debug|iPhone.Build.0 = Debug|Any CPU
		{09285D47-8FB6-4308-B037-01D16A4B747C}.Debug|iPhoneSimulator.ActiveCfg = Debug|Any CPU
		{09285D47-8FB6-4308-B037-01D16A4B747C}.Debug|iPhoneSimulator.Build.0 = Debug|Any CPU
		{09285D47-8FB6-4308-B037-01D16A4B747C}.Debug|x64.ActiveCfg = Debug|x64
		{09285D47-8FB6-4308-B037-01D16A4B747C}.Debug|x64.Build.0 = Debug|x64
		{09285D47-8FB6-4308-B037-01D16A4B747C}.Debug|x86.ActiveCfg = Debug|x86
		{09285D47-8FB6-4308-B037-01D16A4B747C}.Debug|x86.Build.0 = Debug|x86
		{09285D47-8FB6-4308-B037-01D16A4B747C}.Release|Any CPU.ActiveCfg = Release|Any CPU
		{09285D47-8FB6-4308-B037-01D16A4B747C}.Release|Any CPU.Build.0 = Release|Any CPU
		{09285D47-8FB6-4308-B037-01D16A4B747C}.Release|ARM.ActiveCfg = Release|ARM
		{09285D47-8FB6-4308-B037-01D16A4B747C}.Release|ARM.Build.0 = Release|ARM
		{09285D47-8FB6-4308-B037-01D16A4B747C}.Release|iPhone.ActiveCfg = Release|Any CPU
		{09285D47-8FB6-4308-B037-01D16A4B747C}.Release|iPhone.Build.0 = Release|Any CPU
		{09285D47-8FB6-4308-B037-01D16A4B747C}.Release|iPhoneSimulator.ActiveCfg = Release|Any CPU
		{09285D47-8FB6-4308-B037-01D16A4B747C}.Release|iPhoneSimulator.Build.0 = Release|Any CPU
		{09285D47-8FB6-4308-B037-01D16A4B747C}.Release|x64.ActiveCfg = Release|x64
		{09285D47-8FB6-4308-B037-01D16A4B747C}.Release|x64.Build.0 = Release|x64
		{09285D47-8FB6-4308-B037-01D16A4B747C}.Release|x86.ActiveCfg = Release|x86
		{09285D47-8FB6-4308-B037-01D16A4B747C}.Release|x86.Build.0 = Release|x86
		{EF5B9436-DBAB-40F3-A9BE-F8CAA1B3574E}.Ad-Hoc|Any CPU.ActiveCfg = Release|Any CPU
		{EF5B9436-DBAB-40F3-A9BE-F8CAA1B3574E}.Ad-Hoc|Any CPU.Build.0 = Release|Any CPU
		{EF5B9436-DBAB-40F3-A9BE-F8CAA1B3574E}.Ad-Hoc|ARM.ActiveCfg = Release|ARM
		{EF5B9436-DBAB-40F3-A9BE-F8CAA1B3574E}.Ad-Hoc|ARM.Build.0 = Release|ARM
		{EF5B9436-DBAB-40F3-A9BE-F8CAA1B3574E}.Ad-Hoc|iPhone.ActiveCfg = Release|Any CPU
		{EF5B9436-DBAB-40F3-A9BE-F8CAA1B3574E}.Ad-Hoc|iPhone.Build.0 = Release|Any CPU
		{EF5B9436-DBAB-40F3-A9BE-F8CAA1B3574E}.Ad-Hoc|iPhoneSimulator.ActiveCfg = Release|Any CPU
		{EF5B9436-DBAB-40F3-A9BE-F8CAA1B3574E}.Ad-Hoc|iPhoneSimulator.Build.0 = Release|Any CPU
		{EF5B9436-DBAB-40F3-A9BE-F8CAA1B3574E}.Ad-Hoc|x64.ActiveCfg = Release|x64
		{EF5B9436-DBAB-40F3-A9BE-F8CAA1B3574E}.Ad-Hoc|x64.Build.0 = Release|x64
		{EF5B9436-DBAB-40F3-A9BE-F8CAA1B3574E}.Ad-Hoc|x86.ActiveCfg = Release|x86
		{EF5B9436-DBAB-40F3-A9BE-F8CAA1B3574E}.Ad-Hoc|x86.Build.0 = Release|x86
		{EF5B9436-DBAB-40F3-A9BE-F8CAA1B3574E}.AppStore|Any CPU.ActiveCfg = Release|Any CPU
		{EF5B9436-DBAB-40F3-A9BE-F8CAA1B3574E}.AppStore|Any CPU.Build.0 = Release|Any CPU
		{EF5B9436-DBAB-40F3-A9BE-F8CAA1B3574E}.AppStore|ARM.ActiveCfg = Release|ARM
		{EF5B9436-DBAB-40F3-A9BE-F8CAA1B3574E}.AppStore|ARM.Build.0 = Release|ARM
		{EF5B9436-DBAB-40F3-A9BE-F8CAA1B3574E}.AppStore|iPhone.ActiveCfg = Release|Any CPU
		{EF5B9436-DBAB-40F3-A9BE-F8CAA1B3574E}.AppStore|iPhone.Build.0 = Release|Any CPU
		{EF5B9436-DBAB-40F3-A9BE-F8CAA1B3574E}.AppStore|iPhoneSimulator.ActiveCfg = Release|Any CPU
		{EF5B9436-DBAB-40F3-A9BE-F8CAA1B3574E}.AppStore|iPhoneSimulator.Build.0 = Release|Any CPU
		{EF5B9436-DBAB-40F3-A9BE-F8CAA1B3574E}.AppStore|x64.ActiveCfg = Release|x64
		{EF5B9436-DBAB-40F3-A9BE-F8CAA1B3574E}.AppStore|x64.Build.0 = Release|x64
		{EF5B9436-DBAB-40F3-A9BE-F8CAA1B3574E}.AppStore|x86.ActiveCfg = Release|x86
		{EF5B9436-DBAB-40F3-A9BE-F8CAA1B3574E}.AppStore|x86.Build.0 = Release|x86
		{EF5B9436-DBAB-40F3-A9BE-F8CAA1B3574E}.Debug|Any CPU.ActiveCfg = Debug|Any CPU
		{EF5B9436-DBAB-40F3-A9BE-F8CAA1B3574E}.Debug|Any CPU.Build.0 = Debug|Any CPU
		{EF5B9436-DBAB-40F3-A9BE-F8CAA1B3574E}.Debug|ARM.ActiveCfg = Debug|ARM
		{EF5B9436-DBAB-40F3-A9BE-F8CAA1B3574E}.Debug|ARM.Build.0 = Debug|ARM
		{EF5B9436-DBAB-40F3-A9BE-F8CAA1B3574E}.Debug|iPhone.ActiveCfg = Debug|Any CPU
		{EF5B9436-DBAB-40F3-A9BE-F8CAA1B3574E}.Debug|iPhone.Build.0 = Debug|Any CPU
		{EF5B9436-DBAB-40F3-A9BE-F8CAA1B3574E}.Debug|iPhoneSimulator.ActiveCfg = Debug|Any CPU
		{EF5B9436-DBAB-40F3-A9BE-F8CAA1B3574E}.Debug|iPhoneSimulator.Build.0 = Debug|Any CPU
		{EF5B9436-DBAB-40F3-A9BE-F8CAA1B3574E}.Debug|x64.ActiveCfg = Debug|x64
		{EF5B9436-DBAB-40F3-A9BE-F8CAA1B3574E}.Debug|x64.Build.0 = Debug|x64
		{EF5B9436-DBAB-40F3-A9BE-F8CAA1B3574E}.Debug|x86.ActiveCfg = Debug|x86
		{EF5B9436-DBAB-40F3-A9BE-F8CAA1B3574E}.Debug|x86.Build.0 = Debug|x86
		{EF5B9436-DBAB-40F3-A9BE-F8CAA1B3574E}.Release|Any CPU.ActiveCfg = Release|Any CPU
		{EF5B9436-DBAB-40F3-A9BE-F8CAA1B3574E}.Release|Any CPU.Build.0 = Release|Any CPU
		{EF5B9436-DBAB-40F3-A9BE-F8CAA1B3574E}.Release|ARM.ActiveCfg = Release|ARM
		{EF5B9436-DBAB-40F3-A9BE-F8CAA1B3574E}.Release|ARM.Build.0 = Release|ARM
		{EF5B9436-DBAB-40F3-A9BE-F8CAA1B3574E}.Release|iPhone.ActiveCfg = Release|Any CPU
		{EF5B9436-DBAB-40F3-A9BE-F8CAA1B3574E}.Release|iPhone.Build.0 = Release|Any CPU
		{EF5B9436-DBAB-40F3-A9BE-F8CAA1B3574E}.Release|iPhoneSimulator.ActiveCfg = Release|Any CPU
		{EF5B9436-DBAB-40F3-A9BE-F8CAA1B3574E}.Release|iPhoneSimulator.Build.0 = Release|Any CPU
		{EF5B9436-DBAB-40F3-A9BE-F8CAA1B3574E}.Release|x64.ActiveCfg = Release|x64
		{EF5B9436-DBAB-40F3-A9BE-F8CAA1B3574E}.Release|x64.Build.0 = Release|x64
		{EF5B9436-DBAB-40F3-A9BE-F8CAA1B3574E}.Release|x86.ActiveCfg = Release|x86
		{EF5B9436-DBAB-40F3-A9BE-F8CAA1B3574E}.Release|x86.Build.0 = Release|x86
		{6B02DCE2-0C82-4B19-9B03-A5B47CF717F4}.Ad-Hoc|Any CPU.ActiveCfg = Release|Any CPU
		{6B02DCE2-0C82-4B19-9B03-A5B47CF717F4}.Ad-Hoc|Any CPU.Build.0 = Release|Any CPU
		{6B02DCE2-0C82-4B19-9B03-A5B47CF717F4}.Ad-Hoc|Any CPU.Deploy.0 = Release|Any CPU
		{6B02DCE2-0C82-4B19-9B03-A5B47CF717F4}.Ad-Hoc|ARM.ActiveCfg = Release|Any CPU
		{6B02DCE2-0C82-4B19-9B03-A5B47CF717F4}.Ad-Hoc|ARM.Build.0 = Release|Any CPU
		{6B02DCE2-0C82-4B19-9B03-A5B47CF717F4}.Ad-Hoc|ARM.Deploy.0 = Release|Any CPU
		{6B02DCE2-0C82-4B19-9B03-A5B47CF717F4}.Ad-Hoc|iPhone.ActiveCfg = Release|Any CPU
		{6B02DCE2-0C82-4B19-9B03-A5B47CF717F4}.Ad-Hoc|iPhone.Build.0 = Release|Any CPU
		{6B02DCE2-0C82-4B19-9B03-A5B47CF717F4}.Ad-Hoc|iPhone.Deploy.0 = Release|Any CPU
		{6B02DCE2-0C82-4B19-9B03-A5B47CF717F4}.Ad-Hoc|iPhoneSimulator.ActiveCfg = Release|Any CPU
		{6B02DCE2-0C82-4B19-9B03-A5B47CF717F4}.Ad-Hoc|iPhoneSimulator.Build.0 = Release|Any CPU
		{6B02DCE2-0C82-4B19-9B03-A5B47CF717F4}.Ad-Hoc|iPhoneSimulator.Deploy.0 = Release|Any CPU
		{6B02DCE2-0C82-4B19-9B03-A5B47CF717F4}.Ad-Hoc|x64.ActiveCfg = Release|Any CPU
		{6B02DCE2-0C82-4B19-9B03-A5B47CF717F4}.Ad-Hoc|x64.Build.0 = Release|Any CPU
		{6B02DCE2-0C82-4B19-9B03-A5B47CF717F4}.Ad-Hoc|x64.Deploy.0 = Release|Any CPU
		{6B02DCE2-0C82-4B19-9B03-A5B47CF717F4}.Ad-Hoc|x86.ActiveCfg = Release|Any CPU
		{6B02DCE2-0C82-4B19-9B03-A5B47CF717F4}.Ad-Hoc|x86.Build.0 = Release|Any CPU
		{6B02DCE2-0C82-4B19-9B03-A5B47CF717F4}.Ad-Hoc|x86.Deploy.0 = Release|Any CPU
		{6B02DCE2-0C82-4B19-9B03-A5B47CF717F4}.AppStore|Any CPU.ActiveCfg = Release|Any CPU
		{6B02DCE2-0C82-4B19-9B03-A5B47CF717F4}.AppStore|Any CPU.Build.0 = Release|Any CPU
		{6B02DCE2-0C82-4B19-9B03-A5B47CF717F4}.AppStore|Any CPU.Deploy.0 = Release|Any CPU
		{6B02DCE2-0C82-4B19-9B03-A5B47CF717F4}.AppStore|ARM.ActiveCfg = Release|Any CPU
		{6B02DCE2-0C82-4B19-9B03-A5B47CF717F4}.AppStore|ARM.Build.0 = Release|Any CPU
		{6B02DCE2-0C82-4B19-9B03-A5B47CF717F4}.AppStore|ARM.Deploy.0 = Release|Any CPU
		{6B02DCE2-0C82-4B19-9B03-A5B47CF717F4}.AppStore|iPhone.ActiveCfg = Release|Any CPU
		{6B02DCE2-0C82-4B19-9B03-A5B47CF717F4}.AppStore|iPhone.Build.0 = Release|Any CPU
		{6B02DCE2-0C82-4B19-9B03-A5B47CF717F4}.AppStore|iPhone.Deploy.0 = Release|Any CPU
		{6B02DCE2-0C82-4B19-9B03-A5B47CF717F4}.AppStore|iPhoneSimulator.ActiveCfg = Release|Any CPU
		{6B02DCE2-0C82-4B19-9B03-A5B47CF717F4}.AppStore|iPhoneSimulator.Build.0 = Release|Any CPU
		{6B02DCE2-0C82-4B19-9B03-A5B47CF717F4}.AppStore|iPhoneSimulator.Deploy.0 = Release|Any CPU
		{6B02DCE2-0C82-4B19-9B03-A5B47CF717F4}.AppStore|x64.ActiveCfg = Release|Any CPU
		{6B02DCE2-0C82-4B19-9B03-A5B47CF717F4}.AppStore|x64.Build.0 = Release|Any CPU
		{6B02DCE2-0C82-4B19-9B03-A5B47CF717F4}.AppStore|x64.Deploy.0 = Release|Any CPU
		{6B02DCE2-0C82-4B19-9B03-A5B47CF717F4}.AppStore|x86.ActiveCfg = Release|Any CPU
		{6B02DCE2-0C82-4B19-9B03-A5B47CF717F4}.AppStore|x86.Build.0 = Release|Any CPU
		{6B02DCE2-0C82-4B19-9B03-A5B47CF717F4}.AppStore|x86.Deploy.0 = Release|Any CPU
		{6B02DCE2-0C82-4B19-9B03-A5B47CF717F4}.Debug|Any CPU.ActiveCfg = Debug|Any CPU
		{6B02DCE2-0C82-4B19-9B03-A5B47CF717F4}.Debug|Any CPU.Build.0 = Debug|Any CPU
		{6B02DCE2-0C82-4B19-9B03-A5B47CF717F4}.Debug|Any CPU.Deploy.0 = Debug|Any CPU
		{6B02DCE2-0C82-4B19-9B03-A5B47CF717F4}.Debug|ARM.ActiveCfg = Debug|Any CPU
		{6B02DCE2-0C82-4B19-9B03-A5B47CF717F4}.Debug|ARM.Build.0 = Debug|Any CPU
		{6B02DCE2-0C82-4B19-9B03-A5B47CF717F4}.Debug|ARM.Deploy.0 = Debug|Any CPU
		{6B02DCE2-0C82-4B19-9B03-A5B47CF717F4}.Debug|iPhone.ActiveCfg = Debug|Any CPU
		{6B02DCE2-0C82-4B19-9B03-A5B47CF717F4}.Debug|iPhone.Build.0 = Debug|Any CPU
		{6B02DCE2-0C82-4B19-9B03-A5B47CF717F4}.Debug|iPhone.Deploy.0 = Debug|Any CPU
		{6B02DCE2-0C82-4B19-9B03-A5B47CF717F4}.Debug|iPhoneSimulator.ActiveCfg = Debug|Any CPU
		{6B02DCE2-0C82-4B19-9B03-A5B47CF717F4}.Debug|iPhoneSimulator.Build.0 = Debug|Any CPU
		{6B02DCE2-0C82-4B19-9B03-A5B47CF717F4}.Debug|iPhoneSimulator.Deploy.0 = Debug|Any CPU
		{6B02DCE2-0C82-4B19-9B03-A5B47CF717F4}.Debug|x64.ActiveCfg = Debug|Any CPU
		{6B02DCE2-0C82-4B19-9B03-A5B47CF717F4}.Debug|x64.Build.0 = Debug|Any CPU
		{6B02DCE2-0C82-4B19-9B03-A5B47CF717F4}.Debug|x64.Deploy.0 = Debug|Any CPU
		{6B02DCE2-0C82-4B19-9B03-A5B47CF717F4}.Debug|x86.ActiveCfg = Debug|Any CPU
		{6B02DCE2-0C82-4B19-9B03-A5B47CF717F4}.Debug|x86.Build.0 = Debug|Any CPU
		{6B02DCE2-0C82-4B19-9B03-A5B47CF717F4}.Debug|x86.Deploy.0 = Debug|Any CPU
		{6B02DCE2-0C82-4B19-9B03-A5B47CF717F4}.Release|Any CPU.ActiveCfg = Release|Any CPU
		{6B02DCE2-0C82-4B19-9B03-A5B47CF717F4}.Release|Any CPU.Build.0 = Release|Any CPU
		{6B02DCE2-0C82-4B19-9B03-A5B47CF717F4}.Release|Any CPU.Deploy.0 = Release|Any CPU
		{6B02DCE2-0C82-4B19-9B03-A5B47CF717F4}.Release|ARM.ActiveCfg = Release|Any CPU
		{6B02DCE2-0C82-4B19-9B03-A5B47CF717F4}.Release|ARM.Build.0 = Release|Any CPU
		{6B02DCE2-0C82-4B19-9B03-A5B47CF717F4}.Release|ARM.Deploy.0 = Release|Any CPU
		{6B02DCE2-0C82-4B19-9B03-A5B47CF717F4}.Release|iPhone.ActiveCfg = Release|Any CPU
		{6B02DCE2-0C82-4B19-9B03-A5B47CF717F4}.Release|iPhone.Build.0 = Release|Any CPU
		{6B02DCE2-0C82-4B19-9B03-A5B47CF717F4}.Release|iPhone.Deploy.0 = Release|Any CPU
		{6B02DCE2-0C82-4B19-9B03-A5B47CF717F4}.Release|iPhoneSimulator.ActiveCfg = Release|Any CPU
		{6B02DCE2-0C82-4B19-9B03-A5B47CF717F4}.Release|iPhoneSimulator.Build.0 = Release|Any CPU
		{6B02DCE2-0C82-4B19-9B03-A5B47CF717F4}.Release|iPhoneSimulator.Deploy.0 = Release|Any CPU
		{6B02DCE2-0C82-4B19-9B03-A5B47CF717F4}.Release|x64.ActiveCfg = Release|Any CPU
		{6B02DCE2-0C82-4B19-9B03-A5B47CF717F4}.Release|x64.Build.0 = Release|Any CPU
		{6B02DCE2-0C82-4B19-9B03-A5B47CF717F4}.Release|x64.Deploy.0 = Release|Any CPU
		{6B02DCE2-0C82-4B19-9B03-A5B47CF717F4}.Release|x86.ActiveCfg = Release|Any CPU
		{6B02DCE2-0C82-4B19-9B03-A5B47CF717F4}.Release|x86.Build.0 = Release|Any CPU
		{6B02DCE2-0C82-4B19-9B03-A5B47CF717F4}.Release|x86.Deploy.0 = Release|Any CPU
		{AEEF1504-2EBA-4707-91DB-9F9638BB6111}.Ad-Hoc|Any CPU.ActiveCfg = Ad-Hoc|iPhone
		{AEEF1504-2EBA-4707-91DB-9F9638BB6111}.Ad-Hoc|ARM.ActiveCfg = Ad-Hoc|iPhone
		{AEEF1504-2EBA-4707-91DB-9F9638BB6111}.Ad-Hoc|iPhone.ActiveCfg = Ad-Hoc|iPhone
		{AEEF1504-2EBA-4707-91DB-9F9638BB6111}.Ad-Hoc|iPhone.Build.0 = Ad-Hoc|iPhone
		{AEEF1504-2EBA-4707-91DB-9F9638BB6111}.Ad-Hoc|iPhoneSimulator.ActiveCfg = Ad-Hoc|iPhoneSimulator
		{AEEF1504-2EBA-4707-91DB-9F9638BB6111}.Ad-Hoc|iPhoneSimulator.Build.0 = Ad-Hoc|iPhoneSimulator
		{AEEF1504-2EBA-4707-91DB-9F9638BB6111}.Ad-Hoc|x64.ActiveCfg = Ad-Hoc|iPhone
		{AEEF1504-2EBA-4707-91DB-9F9638BB6111}.Ad-Hoc|x86.ActiveCfg = Ad-Hoc|iPhone
		{AEEF1504-2EBA-4707-91DB-9F9638BB6111}.AppStore|Any CPU.ActiveCfg = AppStore|iPhone
		{AEEF1504-2EBA-4707-91DB-9F9638BB6111}.AppStore|ARM.ActiveCfg = AppStore|iPhone
		{AEEF1504-2EBA-4707-91DB-9F9638BB6111}.AppStore|iPhone.ActiveCfg = AppStore|iPhone
		{AEEF1504-2EBA-4707-91DB-9F9638BB6111}.AppStore|iPhone.Build.0 = AppStore|iPhone
		{AEEF1504-2EBA-4707-91DB-9F9638BB6111}.AppStore|iPhoneSimulator.ActiveCfg = AppStore|iPhoneSimulator
		{AEEF1504-2EBA-4707-91DB-9F9638BB6111}.AppStore|iPhoneSimulator.Build.0 = AppStore|iPhoneSimulator
		{AEEF1504-2EBA-4707-91DB-9F9638BB6111}.AppStore|x64.ActiveCfg = AppStore|iPhone
		{AEEF1504-2EBA-4707-91DB-9F9638BB6111}.AppStore|x86.ActiveCfg = AppStore|iPhone
		{AEEF1504-2EBA-4707-91DB-9F9638BB6111}.Debug|Any CPU.ActiveCfg = Debug|iPhone
		{AEEF1504-2EBA-4707-91DB-9F9638BB6111}.Debug|ARM.ActiveCfg = Debug|iPhone
		{AEEF1504-2EBA-4707-91DB-9F9638BB6111}.Debug|iPhone.ActiveCfg = Debug|iPhone
		{AEEF1504-2EBA-4707-91DB-9F9638BB6111}.Debug|iPhone.Build.0 = Debug|iPhone
		{AEEF1504-2EBA-4707-91DB-9F9638BB6111}.Debug|iPhoneSimulator.ActiveCfg = Debug|iPhoneSimulator
		{AEEF1504-2EBA-4707-91DB-9F9638BB6111}.Debug|iPhoneSimulator.Build.0 = Debug|iPhoneSimulator
		{AEEF1504-2EBA-4707-91DB-9F9638BB6111}.Debug|x64.ActiveCfg = Debug|iPhone
		{AEEF1504-2EBA-4707-91DB-9F9638BB6111}.Debug|x86.ActiveCfg = Debug|iPhone
		{AEEF1504-2EBA-4707-91DB-9F9638BB6111}.Release|Any CPU.ActiveCfg = Release|iPhone
		{AEEF1504-2EBA-4707-91DB-9F9638BB6111}.Release|ARM.ActiveCfg = Release|iPhone
		{AEEF1504-2EBA-4707-91DB-9F9638BB6111}.Release|iPhone.ActiveCfg = Release|iPhone
		{AEEF1504-2EBA-4707-91DB-9F9638BB6111}.Release|iPhone.Build.0 = Release|iPhone
		{AEEF1504-2EBA-4707-91DB-9F9638BB6111}.Release|iPhoneSimulator.ActiveCfg = Release|iPhoneSimulator
		{AEEF1504-2EBA-4707-91DB-9F9638BB6111}.Release|iPhoneSimulator.Build.0 = Release|iPhoneSimulator
		{AEEF1504-2EBA-4707-91DB-9F9638BB6111}.Release|x64.ActiveCfg = Release|iPhone
		{AEEF1504-2EBA-4707-91DB-9F9638BB6111}.Release|x86.ActiveCfg = Release|iPhone
		{C5DA454F-AAE9-4C2A-9039-4B2A6EF94AED}.Ad-Hoc|Any CPU.ActiveCfg = Release|Any CPU
		{C5DA454F-AAE9-4C2A-9039-4B2A6EF94AED}.Ad-Hoc|Any CPU.Build.0 = Release|Any CPU
		{C5DA454F-AAE9-4C2A-9039-4B2A6EF94AED}.Ad-Hoc|Any CPU.Deploy.0 = Release|Any CPU
		{C5DA454F-AAE9-4C2A-9039-4B2A6EF94AED}.Ad-Hoc|ARM.ActiveCfg = Release|ARM
		{C5DA454F-AAE9-4C2A-9039-4B2A6EF94AED}.Ad-Hoc|ARM.Build.0 = Release|ARM
		{C5DA454F-AAE9-4C2A-9039-4B2A6EF94AED}.Ad-Hoc|ARM.Deploy.0 = Release|ARM
		{C5DA454F-AAE9-4C2A-9039-4B2A6EF94AED}.Ad-Hoc|iPhone.ActiveCfg = Release|Any CPU
		{C5DA454F-AAE9-4C2A-9039-4B2A6EF94AED}.Ad-Hoc|iPhone.Build.0 = Release|Any CPU
		{C5DA454F-AAE9-4C2A-9039-4B2A6EF94AED}.Ad-Hoc|iPhone.Deploy.0 = Release|Any CPU
		{C5DA454F-AAE9-4C2A-9039-4B2A6EF94AED}.Ad-Hoc|iPhoneSimulator.ActiveCfg = Release|Any CPU
		{C5DA454F-AAE9-4C2A-9039-4B2A6EF94AED}.Ad-Hoc|iPhoneSimulator.Build.0 = Release|Any CPU
		{C5DA454F-AAE9-4C2A-9039-4B2A6EF94AED}.Ad-Hoc|iPhoneSimulator.Deploy.0 = Release|Any CPU
		{C5DA454F-AAE9-4C2A-9039-4B2A6EF94AED}.Ad-Hoc|x64.ActiveCfg = Release|Any CPU
		{C5DA454F-AAE9-4C2A-9039-4B2A6EF94AED}.Ad-Hoc|x64.Build.0 = Release|Any CPU
		{C5DA454F-AAE9-4C2A-9039-4B2A6EF94AED}.Ad-Hoc|x64.Deploy.0 = Release|Any CPU
		{C5DA454F-AAE9-4C2A-9039-4B2A6EF94AED}.Ad-Hoc|x86.ActiveCfg = Release|x86
		{C5DA454F-AAE9-4C2A-9039-4B2A6EF94AED}.Ad-Hoc|x86.Build.0 = Release|x86
		{C5DA454F-AAE9-4C2A-9039-4B2A6EF94AED}.Ad-Hoc|x86.Deploy.0 = Release|x86
		{C5DA454F-AAE9-4C2A-9039-4B2A6EF94AED}.AppStore|Any CPU.ActiveCfg = Release|Any CPU
		{C5DA454F-AAE9-4C2A-9039-4B2A6EF94AED}.AppStore|Any CPU.Build.0 = Release|Any CPU
		{C5DA454F-AAE9-4C2A-9039-4B2A6EF94AED}.AppStore|Any CPU.Deploy.0 = Release|Any CPU
		{C5DA454F-AAE9-4C2A-9039-4B2A6EF94AED}.AppStore|ARM.ActiveCfg = Release|ARM
		{C5DA454F-AAE9-4C2A-9039-4B2A6EF94AED}.AppStore|ARM.Build.0 = Release|ARM
		{C5DA454F-AAE9-4C2A-9039-4B2A6EF94AED}.AppStore|ARM.Deploy.0 = Release|ARM
		{C5DA454F-AAE9-4C2A-9039-4B2A6EF94AED}.AppStore|iPhone.ActiveCfg = Release|Any CPU
		{C5DA454F-AAE9-4C2A-9039-4B2A6EF94AED}.AppStore|iPhone.Build.0 = Release|Any CPU
		{C5DA454F-AAE9-4C2A-9039-4B2A6EF94AED}.AppStore|iPhone.Deploy.0 = Release|Any CPU
		{C5DA454F-AAE9-4C2A-9039-4B2A6EF94AED}.AppStore|iPhoneSimulator.ActiveCfg = Release|Any CPU
		{C5DA454F-AAE9-4C2A-9039-4B2A6EF94AED}.AppStore|iPhoneSimulator.Build.0 = Release|Any CPU
		{C5DA454F-AAE9-4C2A-9039-4B2A6EF94AED}.AppStore|iPhoneSimulator.Deploy.0 = Release|Any CPU
		{C5DA454F-AAE9-4C2A-9039-4B2A6EF94AED}.AppStore|x64.ActiveCfg = Release|Any CPU
		{C5DA454F-AAE9-4C2A-9039-4B2A6EF94AED}.AppStore|x64.Build.0 = Release|Any CPU
		{C5DA454F-AAE9-4C2A-9039-4B2A6EF94AED}.AppStore|x64.Deploy.0 = Release|Any CPU
		{C5DA454F-AAE9-4C2A-9039-4B2A6EF94AED}.AppStore|x86.ActiveCfg = Release|x86
		{C5DA454F-AAE9-4C2A-9039-4B2A6EF94AED}.AppStore|x86.Build.0 = Release|x86
		{C5DA454F-AAE9-4C2A-9039-4B2A6EF94AED}.AppStore|x86.Deploy.0 = Release|x86
		{C5DA454F-AAE9-4C2A-9039-4B2A6EF94AED}.Debug|Any CPU.ActiveCfg = Debug|Any CPU
		{C5DA454F-AAE9-4C2A-9039-4B2A6EF94AED}.Debug|Any CPU.Build.0 = Debug|Any CPU
		{C5DA454F-AAE9-4C2A-9039-4B2A6EF94AED}.Debug|Any CPU.Deploy.0 = Debug|Any CPU
		{C5DA454F-AAE9-4C2A-9039-4B2A6EF94AED}.Debug|ARM.ActiveCfg = Debug|ARM
		{C5DA454F-AAE9-4C2A-9039-4B2A6EF94AED}.Debug|ARM.Build.0 = Debug|ARM
		{C5DA454F-AAE9-4C2A-9039-4B2A6EF94AED}.Debug|ARM.Deploy.0 = Debug|ARM
		{C5DA454F-AAE9-4C2A-9039-4B2A6EF94AED}.Debug|iPhone.ActiveCfg = Debug|Any CPU
		{C5DA454F-AAE9-4C2A-9039-4B2A6EF94AED}.Debug|iPhone.Build.0 = Debug|Any CPU
		{C5DA454F-AAE9-4C2A-9039-4B2A6EF94AED}.Debug|iPhone.Deploy.0 = Debug|Any CPU
		{C5DA454F-AAE9-4C2A-9039-4B2A6EF94AED}.Debug|iPhoneSimulator.ActiveCfg = Debug|Any CPU
		{C5DA454F-AAE9-4C2A-9039-4B2A6EF94AED}.Debug|iPhoneSimulator.Build.0 = Debug|Any CPU
		{C5DA454F-AAE9-4C2A-9039-4B2A6EF94AED}.Debug|iPhoneSimulator.Deploy.0 = Debug|Any CPU
		{C5DA454F-AAE9-4C2A-9039-4B2A6EF94AED}.Debug|x64.ActiveCfg = Debug|Any CPU
		{C5DA454F-AAE9-4C2A-9039-4B2A6EF94AED}.Debug|x64.Build.0 = Debug|Any CPU
		{C5DA454F-AAE9-4C2A-9039-4B2A6EF94AED}.Debug|x64.Deploy.0 = Debug|Any CPU
		{C5DA454F-AAE9-4C2A-9039-4B2A6EF94AED}.Debug|x86.ActiveCfg = Debug|x86
		{C5DA454F-AAE9-4C2A-9039-4B2A6EF94AED}.Debug|x86.Build.0 = Debug|x86
		{C5DA454F-AAE9-4C2A-9039-4B2A6EF94AED}.Debug|x86.Deploy.0 = Debug|x86
		{C5DA454F-AAE9-4C2A-9039-4B2A6EF94AED}.Release|Any CPU.ActiveCfg = Release|Any CPU
		{C5DA454F-AAE9-4C2A-9039-4B2A6EF94AED}.Release|Any CPU.Build.0 = Release|Any CPU
		{C5DA454F-AAE9-4C2A-9039-4B2A6EF94AED}.Release|Any CPU.Deploy.0 = Release|Any CPU
		{C5DA454F-AAE9-4C2A-9039-4B2A6EF94AED}.Release|ARM.ActiveCfg = Release|ARM
		{C5DA454F-AAE9-4C2A-9039-4B2A6EF94AED}.Release|ARM.Build.0 = Release|ARM
		{C5DA454F-AAE9-4C2A-9039-4B2A6EF94AED}.Release|ARM.Deploy.0 = Release|ARM
		{C5DA454F-AAE9-4C2A-9039-4B2A6EF94AED}.Release|iPhone.ActiveCfg = Release|Any CPU
		{C5DA454F-AAE9-4C2A-9039-4B2A6EF94AED}.Release|iPhone.Build.0 = Release|Any CPU
		{C5DA454F-AAE9-4C2A-9039-4B2A6EF94AED}.Release|iPhone.Deploy.0 = Release|Any CPU
		{C5DA454F-AAE9-4C2A-9039-4B2A6EF94AED}.Release|iPhoneSimulator.ActiveCfg = Release|Any CPU
		{C5DA454F-AAE9-4C2A-9039-4B2A6EF94AED}.Release|iPhoneSimulator.Build.0 = Release|Any CPU
		{C5DA454F-AAE9-4C2A-9039-4B2A6EF94AED}.Release|iPhoneSimulator.Deploy.0 = Release|Any CPU
		{C5DA454F-AAE9-4C2A-9039-4B2A6EF94AED}.Release|x64.ActiveCfg = Release|Any CPU
		{C5DA454F-AAE9-4C2A-9039-4B2A6EF94AED}.Release|x64.Build.0 = Release|Any CPU
		{C5DA454F-AAE9-4C2A-9039-4B2A6EF94AED}.Release|x64.Deploy.0 = Release|Any CPU
		{C5DA454F-AAE9-4C2A-9039-4B2A6EF94AED}.Release|x86.ActiveCfg = Release|x86
		{C5DA454F-AAE9-4C2A-9039-4B2A6EF94AED}.Release|x86.Build.0 = Release|x86
		{C5DA454F-AAE9-4C2A-9039-4B2A6EF94AED}.Release|x86.Deploy.0 = Release|x86
		{66387551-D978-4287-9B24-0FDB10273F97}.Ad-Hoc|Any CPU.ActiveCfg = Release|x86
		{66387551-D978-4287-9B24-0FDB10273F97}.Ad-Hoc|Any CPU.Build.0 = Release|x86
		{66387551-D978-4287-9B24-0FDB10273F97}.Ad-Hoc|Any CPU.Deploy.0 = Release|x86
		{66387551-D978-4287-9B24-0FDB10273F97}.Ad-Hoc|ARM.ActiveCfg = Release|ARM
		{66387551-D978-4287-9B24-0FDB10273F97}.Ad-Hoc|ARM.Build.0 = Release|ARM
		{66387551-D978-4287-9B24-0FDB10273F97}.Ad-Hoc|ARM.Deploy.0 = Release|ARM
		{66387551-D978-4287-9B24-0FDB10273F97}.Ad-Hoc|iPhone.ActiveCfg = Release|x86
		{66387551-D978-4287-9B24-0FDB10273F97}.Ad-Hoc|iPhone.Build.0 = Release|x86
		{66387551-D978-4287-9B24-0FDB10273F97}.Ad-Hoc|iPhone.Deploy.0 = Release|x86
		{66387551-D978-4287-9B24-0FDB10273F97}.Ad-Hoc|iPhoneSimulator.ActiveCfg = Release|x86
		{66387551-D978-4287-9B24-0FDB10273F97}.Ad-Hoc|iPhoneSimulator.Build.0 = Release|x86
		{66387551-D978-4287-9B24-0FDB10273F97}.Ad-Hoc|iPhoneSimulator.Deploy.0 = Release|x86
		{66387551-D978-4287-9B24-0FDB10273F97}.Ad-Hoc|x64.ActiveCfg = Release|x64
		{66387551-D978-4287-9B24-0FDB10273F97}.Ad-Hoc|x64.Build.0 = Release|x64
		{66387551-D978-4287-9B24-0FDB10273F97}.Ad-Hoc|x64.Deploy.0 = Release|x64
		{66387551-D978-4287-9B24-0FDB10273F97}.Ad-Hoc|x86.ActiveCfg = Release|x86
		{66387551-D978-4287-9B24-0FDB10273F97}.Ad-Hoc|x86.Build.0 = Release|x86
		{66387551-D978-4287-9B24-0FDB10273F97}.Ad-Hoc|x86.Deploy.0 = Release|x86
		{66387551-D978-4287-9B24-0FDB10273F97}.AppStore|Any CPU.ActiveCfg = Release|x86
		{66387551-D978-4287-9B24-0FDB10273F97}.AppStore|Any CPU.Build.0 = Release|x86
		{66387551-D978-4287-9B24-0FDB10273F97}.AppStore|Any CPU.Deploy.0 = Release|x86
		{66387551-D978-4287-9B24-0FDB10273F97}.AppStore|ARM.ActiveCfg = Release|ARM
		{66387551-D978-4287-9B24-0FDB10273F97}.AppStore|ARM.Build.0 = Release|ARM
		{66387551-D978-4287-9B24-0FDB10273F97}.AppStore|ARM.Deploy.0 = Release|ARM
		{66387551-D978-4287-9B24-0FDB10273F97}.AppStore|iPhone.ActiveCfg = Release|x86
		{66387551-D978-4287-9B24-0FDB10273F97}.AppStore|iPhone.Build.0 = Release|x86
		{66387551-D978-4287-9B24-0FDB10273F97}.AppStore|iPhone.Deploy.0 = Release|x86
		{66387551-D978-4287-9B24-0FDB10273F97}.AppStore|iPhoneSimulator.ActiveCfg = Release|x86
		{66387551-D978-4287-9B24-0FDB10273F97}.AppStore|iPhoneSimulator.Build.0 = Release|x86
		{66387551-D978-4287-9B24-0FDB10273F97}.AppStore|iPhoneSimulator.Deploy.0 = Release|x86
		{66387551-D978-4287-9B24-0FDB10273F97}.AppStore|x64.ActiveCfg = Release|x64
		{66387551-D978-4287-9B24-0FDB10273F97}.AppStore|x64.Build.0 = Release|x64
		{66387551-D978-4287-9B24-0FDB10273F97}.AppStore|x64.Deploy.0 = Release|x64
		{66387551-D978-4287-9B24-0FDB10273F97}.AppStore|x86.ActiveCfg = Release|x86
		{66387551-D978-4287-9B24-0FDB10273F97}.AppStore|x86.Build.0 = Release|x86
		{66387551-D978-4287-9B24-0FDB10273F97}.AppStore|x86.Deploy.0 = Release|x86
		{66387551-D978-4287-9B24-0FDB10273F97}.Debug|Any CPU.ActiveCfg = Debug|x86
		{66387551-D978-4287-9B24-0FDB10273F97}.Debug|Any CPU.Build.0 = Debug|x86
		{66387551-D978-4287-9B24-0FDB10273F97}.Debug|Any CPU.Deploy.0 = Debug|x86
		{66387551-D978-4287-9B24-0FDB10273F97}.Debug|ARM.ActiveCfg = Debug|ARM
		{66387551-D978-4287-9B24-0FDB10273F97}.Debug|ARM.Build.0 = Debug|ARM
		{66387551-D978-4287-9B24-0FDB10273F97}.Debug|ARM.Deploy.0 = Debug|ARM
		{66387551-D978-4287-9B24-0FDB10273F97}.Debug|iPhone.ActiveCfg = Debug|x86
		{66387551-D978-4287-9B24-0FDB10273F97}.Debug|iPhoneSimulator.ActiveCfg = Debug|x86
		{66387551-D978-4287-9B24-0FDB10273F97}.Debug|x64.ActiveCfg = Debug|x64
		{66387551-D978-4287-9B24-0FDB10273F97}.Debug|x64.Build.0 = Debug|x64
		{66387551-D978-4287-9B24-0FDB10273F97}.Debug|x64.Deploy.0 = Debug|x64
		{66387551-D978-4287-9B24-0FDB10273F97}.Debug|x86.ActiveCfg = Debug|x86
		{66387551-D978-4287-9B24-0FDB10273F97}.Debug|x86.Build.0 = Debug|x86
		{66387551-D978-4287-9B24-0FDB10273F97}.Debug|x86.Deploy.0 = Debug|x86
		{66387551-D978-4287-9B24-0FDB10273F97}.Release|Any CPU.ActiveCfg = Release|x86
		{66387551-D978-4287-9B24-0FDB10273F97}.Release|Any CPU.Build.0 = Release|x86
		{66387551-D978-4287-9B24-0FDB10273F97}.Release|Any CPU.Deploy.0 = Release|x86
		{66387551-D978-4287-9B24-0FDB10273F97}.Release|ARM.ActiveCfg = Release|ARM
		{66387551-D978-4287-9B24-0FDB10273F97}.Release|ARM.Build.0 = Release|ARM
		{66387551-D978-4287-9B24-0FDB10273F97}.Release|ARM.Deploy.0 = Release|ARM
		{66387551-D978-4287-9B24-0FDB10273F97}.Release|iPhone.ActiveCfg = Release|x86
		{66387551-D978-4287-9B24-0FDB10273F97}.Release|iPhoneSimulator.ActiveCfg = Release|x86
		{66387551-D978-4287-9B24-0FDB10273F97}.Release|x64.ActiveCfg = Release|x64
		{66387551-D978-4287-9B24-0FDB10273F97}.Release|x64.Build.0 = Release|x64
		{66387551-D978-4287-9B24-0FDB10273F97}.Release|x64.Deploy.0 = Release|x64
		{66387551-D978-4287-9B24-0FDB10273F97}.Release|x86.ActiveCfg = Release|x86
		{66387551-D978-4287-9B24-0FDB10273F97}.Release|x86.Build.0 = Release|x86
		{66387551-D978-4287-9B24-0FDB10273F97}.Release|x86.Deploy.0 = Release|x86
		{7F7FF1E9-8CC1-45F4-9C76-784812E2488B}.Ad-Hoc|Any CPU.ActiveCfg = Release|Any CPU
		{7F7FF1E9-8CC1-45F4-9C76-784812E2488B}.Ad-Hoc|Any CPU.Build.0 = Release|Any CPU
		{7F7FF1E9-8CC1-45F4-9C76-784812E2488B}.Ad-Hoc|Any CPU.Deploy.0 = Release|Any CPU
		{7F7FF1E9-8CC1-45F4-9C76-784812E2488B}.Ad-Hoc|ARM.ActiveCfg = Release|ARM
		{7F7FF1E9-8CC1-45F4-9C76-784812E2488B}.Ad-Hoc|ARM.Build.0 = Release|ARM
		{7F7FF1E9-8CC1-45F4-9C76-784812E2488B}.Ad-Hoc|ARM.Deploy.0 = Release|ARM
		{7F7FF1E9-8CC1-45F4-9C76-784812E2488B}.Ad-Hoc|iPhone.ActiveCfg = Release|Any CPU
		{7F7FF1E9-8CC1-45F4-9C76-784812E2488B}.Ad-Hoc|iPhone.Build.0 = Release|Any CPU
		{7F7FF1E9-8CC1-45F4-9C76-784812E2488B}.Ad-Hoc|iPhone.Deploy.0 = Release|Any CPU
		{7F7FF1E9-8CC1-45F4-9C76-784812E2488B}.Ad-Hoc|iPhoneSimulator.ActiveCfg = Release|Any CPU
		{7F7FF1E9-8CC1-45F4-9C76-784812E2488B}.Ad-Hoc|iPhoneSimulator.Build.0 = Release|Any CPU
		{7F7FF1E9-8CC1-45F4-9C76-784812E2488B}.Ad-Hoc|iPhoneSimulator.Deploy.0 = Release|Any CPU
		{7F7FF1E9-8CC1-45F4-9C76-784812E2488B}.Ad-Hoc|x64.ActiveCfg = Release|x64
		{7F7FF1E9-8CC1-45F4-9C76-784812E2488B}.Ad-Hoc|x64.Build.0 = Release|x64
		{7F7FF1E9-8CC1-45F4-9C76-784812E2488B}.Ad-Hoc|x64.Deploy.0 = Release|x64
		{7F7FF1E9-8CC1-45F4-9C76-784812E2488B}.Ad-Hoc|x86.ActiveCfg = Release|x86
		{7F7FF1E9-8CC1-45F4-9C76-784812E2488B}.Ad-Hoc|x86.Build.0 = Release|x86
		{7F7FF1E9-8CC1-45F4-9C76-784812E2488B}.Ad-Hoc|x86.Deploy.0 = Release|x86
		{7F7FF1E9-8CC1-45F4-9C76-784812E2488B}.AppStore|Any CPU.ActiveCfg = Release|Any CPU
		{7F7FF1E9-8CC1-45F4-9C76-784812E2488B}.AppStore|Any CPU.Build.0 = Release|Any CPU
		{7F7FF1E9-8CC1-45F4-9C76-784812E2488B}.AppStore|Any CPU.Deploy.0 = Release|Any CPU
		{7F7FF1E9-8CC1-45F4-9C76-784812E2488B}.AppStore|ARM.ActiveCfg = Release|ARM
		{7F7FF1E9-8CC1-45F4-9C76-784812E2488B}.AppStore|ARM.Build.0 = Release|ARM
		{7F7FF1E9-8CC1-45F4-9C76-784812E2488B}.AppStore|ARM.Deploy.0 = Release|ARM
		{7F7FF1E9-8CC1-45F4-9C76-784812E2488B}.AppStore|iPhone.ActiveCfg = Release|Any CPU
		{7F7FF1E9-8CC1-45F4-9C76-784812E2488B}.AppStore|iPhone.Build.0 = Release|Any CPU
		{7F7FF1E9-8CC1-45F4-9C76-784812E2488B}.AppStore|iPhone.Deploy.0 = Release|Any CPU
		{7F7FF1E9-8CC1-45F4-9C76-784812E2488B}.AppStore|iPhoneSimulator.ActiveCfg = Release|Any CPU
		{7F7FF1E9-8CC1-45F4-9C76-784812E2488B}.AppStore|iPhoneSimulator.Build.0 = Release|Any CPU
		{7F7FF1E9-8CC1-45F4-9C76-784812E2488B}.AppStore|iPhoneSimulator.Deploy.0 = Release|Any CPU
		{7F7FF1E9-8CC1-45F4-9C76-784812E2488B}.AppStore|x64.ActiveCfg = Release|x64
		{7F7FF1E9-8CC1-45F4-9C76-784812E2488B}.AppStore|x64.Build.0 = Release|x64
		{7F7FF1E9-8CC1-45F4-9C76-784812E2488B}.AppStore|x64.Deploy.0 = Release|x64
		{7F7FF1E9-8CC1-45F4-9C76-784812E2488B}.AppStore|x86.ActiveCfg = Release|x86
		{7F7FF1E9-8CC1-45F4-9C76-784812E2488B}.AppStore|x86.Build.0 = Release|x86
		{7F7FF1E9-8CC1-45F4-9C76-784812E2488B}.AppStore|x86.Deploy.0 = Release|x86
		{7F7FF1E9-8CC1-45F4-9C76-784812E2488B}.Debug|Any CPU.ActiveCfg = Debug|Any CPU
		{7F7FF1E9-8CC1-45F4-9C76-784812E2488B}.Debug|Any CPU.Build.0 = Debug|Any CPU
		{7F7FF1E9-8CC1-45F4-9C76-784812E2488B}.Debug|Any CPU.Deploy.0 = Debug|Any CPU
		{7F7FF1E9-8CC1-45F4-9C76-784812E2488B}.Debug|ARM.ActiveCfg = Debug|ARM
		{7F7FF1E9-8CC1-45F4-9C76-784812E2488B}.Debug|ARM.Build.0 = Debug|ARM
		{7F7FF1E9-8CC1-45F4-9C76-784812E2488B}.Debug|ARM.Deploy.0 = Debug|ARM
		{7F7FF1E9-8CC1-45F4-9C76-784812E2488B}.Debug|iPhone.ActiveCfg = Debug|Any CPU
		{7F7FF1E9-8CC1-45F4-9C76-784812E2488B}.Debug|iPhone.Build.0 = Debug|Any CPU
		{7F7FF1E9-8CC1-45F4-9C76-784812E2488B}.Debug|iPhone.Deploy.0 = Debug|Any CPU
		{7F7FF1E9-8CC1-45F4-9C76-784812E2488B}.Debug|iPhoneSimulator.ActiveCfg = Debug|Any CPU
		{7F7FF1E9-8CC1-45F4-9C76-784812E2488B}.Debug|iPhoneSimulator.Build.0 = Debug|Any CPU
		{7F7FF1E9-8CC1-45F4-9C76-784812E2488B}.Debug|iPhoneSimulator.Deploy.0 = Debug|Any CPU
		{7F7FF1E9-8CC1-45F4-9C76-784812E2488B}.Debug|x64.ActiveCfg = Debug|x64
		{7F7FF1E9-8CC1-45F4-9C76-784812E2488B}.Debug|x64.Build.0 = Debug|x64
		{7F7FF1E9-8CC1-45F4-9C76-784812E2488B}.Debug|x64.Deploy.0 = Debug|x64
		{7F7FF1E9-8CC1-45F4-9C76-784812E2488B}.Debug|x86.ActiveCfg = Debug|x86
		{7F7FF1E9-8CC1-45F4-9C76-784812E2488B}.Debug|x86.Build.0 = Debug|x86
		{7F7FF1E9-8CC1-45F4-9C76-784812E2488B}.Debug|x86.Deploy.0 = Debug|x86
		{7F7FF1E9-8CC1-45F4-9C76-784812E2488B}.Release|Any CPU.ActiveCfg = Release|Any CPU
		{7F7FF1E9-8CC1-45F4-9C76-784812E2488B}.Release|Any CPU.Build.0 = Release|Any CPU
		{7F7FF1E9-8CC1-45F4-9C76-784812E2488B}.Release|Any CPU.Deploy.0 = Release|Any CPU
		{7F7FF1E9-8CC1-45F4-9C76-784812E2488B}.Release|ARM.ActiveCfg = Release|ARM
		{7F7FF1E9-8CC1-45F4-9C76-784812E2488B}.Release|ARM.Build.0 = Release|ARM
		{7F7FF1E9-8CC1-45F4-9C76-784812E2488B}.Release|ARM.Deploy.0 = Release|ARM
		{7F7FF1E9-8CC1-45F4-9C76-784812E2488B}.Release|iPhone.ActiveCfg = Release|Any CPU
		{7F7FF1E9-8CC1-45F4-9C76-784812E2488B}.Release|iPhone.Build.0 = Release|Any CPU
		{7F7FF1E9-8CC1-45F4-9C76-784812E2488B}.Release|iPhone.Deploy.0 = Release|Any CPU
		{7F7FF1E9-8CC1-45F4-9C76-784812E2488B}.Release|iPhoneSimulator.ActiveCfg = Release|Any CPU
		{7F7FF1E9-8CC1-45F4-9C76-784812E2488B}.Release|iPhoneSimulator.Build.0 = Release|Any CPU
		{7F7FF1E9-8CC1-45F4-9C76-784812E2488B}.Release|iPhoneSimulator.Deploy.0 = Release|Any CPU
		{7F7FF1E9-8CC1-45F4-9C76-784812E2488B}.Release|x64.ActiveCfg = Release|x64
		{7F7FF1E9-8CC1-45F4-9C76-784812E2488B}.Release|x64.Build.0 = Release|x64
		{7F7FF1E9-8CC1-45F4-9C76-784812E2488B}.Release|x64.Deploy.0 = Release|x64
		{7F7FF1E9-8CC1-45F4-9C76-784812E2488B}.Release|x86.ActiveCfg = Release|x86
		{7F7FF1E9-8CC1-45F4-9C76-784812E2488B}.Release|x86.Build.0 = Release|x86
		{7F7FF1E9-8CC1-45F4-9C76-784812E2488B}.Release|x86.Deploy.0 = Release|x86
		{D5AAF8E4-2480-4EA9-A92B-FFA0656CB5BA}.Ad-Hoc|Any CPU.ActiveCfg = Release|Any CPU
		{D5AAF8E4-2480-4EA9-A92B-FFA0656CB5BA}.Ad-Hoc|Any CPU.Build.0 = Release|Any CPU
		{D5AAF8E4-2480-4EA9-A92B-FFA0656CB5BA}.Ad-Hoc|ARM.ActiveCfg = Release|Any CPU
		{D5AAF8E4-2480-4EA9-A92B-FFA0656CB5BA}.Ad-Hoc|ARM.Build.0 = Release|Any CPU
		{D5AAF8E4-2480-4EA9-A92B-FFA0656CB5BA}.Ad-Hoc|iPhone.ActiveCfg = Release|Any CPU
		{D5AAF8E4-2480-4EA9-A92B-FFA0656CB5BA}.Ad-Hoc|iPhone.Build.0 = Release|Any CPU
		{D5AAF8E4-2480-4EA9-A92B-FFA0656CB5BA}.Ad-Hoc|iPhoneSimulator.ActiveCfg = Release|Any CPU
		{D5AAF8E4-2480-4EA9-A92B-FFA0656CB5BA}.Ad-Hoc|iPhoneSimulator.Build.0 = Release|Any CPU
		{D5AAF8E4-2480-4EA9-A92B-FFA0656CB5BA}.Ad-Hoc|x64.ActiveCfg = Release|Any CPU
		{D5AAF8E4-2480-4EA9-A92B-FFA0656CB5BA}.Ad-Hoc|x64.Build.0 = Release|Any CPU
		{D5AAF8E4-2480-4EA9-A92B-FFA0656CB5BA}.Ad-Hoc|x86.ActiveCfg = Release|Any CPU
		{D5AAF8E4-2480-4EA9-A92B-FFA0656CB5BA}.Ad-Hoc|x86.Build.0 = Release|Any CPU
		{D5AAF8E4-2480-4EA9-A92B-FFA0656CB5BA}.AppStore|Any CPU.ActiveCfg = Release|Any CPU
		{D5AAF8E4-2480-4EA9-A92B-FFA0656CB5BA}.AppStore|Any CPU.Build.0 = Release|Any CPU
		{D5AAF8E4-2480-4EA9-A92B-FFA0656CB5BA}.AppStore|ARM.ActiveCfg = Release|Any CPU
		{D5AAF8E4-2480-4EA9-A92B-FFA0656CB5BA}.AppStore|ARM.Build.0 = Release|Any CPU
		{D5AAF8E4-2480-4EA9-A92B-FFA0656CB5BA}.AppStore|iPhone.ActiveCfg = Release|Any CPU
		{D5AAF8E4-2480-4EA9-A92B-FFA0656CB5BA}.AppStore|iPhone.Build.0 = Release|Any CPU
		{D5AAF8E4-2480-4EA9-A92B-FFA0656CB5BA}.AppStore|iPhoneSimulator.ActiveCfg = Release|Any CPU
		{D5AAF8E4-2480-4EA9-A92B-FFA0656CB5BA}.AppStore|iPhoneSimulator.Build.0 = Release|Any CPU
		{D5AAF8E4-2480-4EA9-A92B-FFA0656CB5BA}.AppStore|x64.ActiveCfg = Release|Any CPU
		{D5AAF8E4-2480-4EA9-A92B-FFA0656CB5BA}.AppStore|x64.Build.0 = Release|Any CPU
		{D5AAF8E4-2480-4EA9-A92B-FFA0656CB5BA}.AppStore|x86.ActiveCfg = Release|Any CPU
		{D5AAF8E4-2480-4EA9-A92B-FFA0656CB5BA}.AppStore|x86.Build.0 = Release|Any CPU
		{D5AAF8E4-2480-4EA9-A92B-FFA0656CB5BA}.Debug|Any CPU.ActiveCfg = Debug|Any CPU
		{D5AAF8E4-2480-4EA9-A92B-FFA0656CB5BA}.Debug|Any CPU.Build.0 = Debug|Any CPU
		{D5AAF8E4-2480-4EA9-A92B-FFA0656CB5BA}.Debug|ARM.ActiveCfg = Debug|Any CPU
		{D5AAF8E4-2480-4EA9-A92B-FFA0656CB5BA}.Debug|ARM.Build.0 = Debug|Any CPU
		{D5AAF8E4-2480-4EA9-A92B-FFA0656CB5BA}.Debug|iPhone.ActiveCfg = Debug|Any CPU
		{D5AAF8E4-2480-4EA9-A92B-FFA0656CB5BA}.Debug|iPhone.Build.0 = Debug|Any CPU
		{D5AAF8E4-2480-4EA9-A92B-FFA0656CB5BA}.Debug|iPhoneSimulator.ActiveCfg = Debug|Any CPU
		{D5AAF8E4-2480-4EA9-A92B-FFA0656CB5BA}.Debug|iPhoneSimulator.Build.0 = Debug|Any CPU
		{D5AAF8E4-2480-4EA9-A92B-FFA0656CB5BA}.Debug|x64.ActiveCfg = Debug|Any CPU
		{D5AAF8E4-2480-4EA9-A92B-FFA0656CB5BA}.Debug|x64.Build.0 = Debug|Any CPU
		{D5AAF8E4-2480-4EA9-A92B-FFA0656CB5BA}.Debug|x86.ActiveCfg = Debug|Any CPU
		{D5AAF8E4-2480-4EA9-A92B-FFA0656CB5BA}.Debug|x86.Build.0 = Debug|Any CPU
		{D5AAF8E4-2480-4EA9-A92B-FFA0656CB5BA}.Release|Any CPU.ActiveCfg = Release|Any CPU
		{D5AAF8E4-2480-4EA9-A92B-FFA0656CB5BA}.Release|Any CPU.Build.0 = Release|Any CPU
		{D5AAF8E4-2480-4EA9-A92B-FFA0656CB5BA}.Release|ARM.ActiveCfg = Release|Any CPU
		{D5AAF8E4-2480-4EA9-A92B-FFA0656CB5BA}.Release|ARM.Build.0 = Release|Any CPU
		{D5AAF8E4-2480-4EA9-A92B-FFA0656CB5BA}.Release|iPhone.ActiveCfg = Release|Any CPU
		{D5AAF8E4-2480-4EA9-A92B-FFA0656CB5BA}.Release|iPhone.Build.0 = Release|Any CPU
		{D5AAF8E4-2480-4EA9-A92B-FFA0656CB5BA}.Release|iPhoneSimulator.ActiveCfg = Release|Any CPU
		{D5AAF8E4-2480-4EA9-A92B-FFA0656CB5BA}.Release|iPhoneSimulator.Build.0 = Release|Any CPU
		{D5AAF8E4-2480-4EA9-A92B-FFA0656CB5BA}.Release|x64.ActiveCfg = Release|Any CPU
		{D5AAF8E4-2480-4EA9-A92B-FFA0656CB5BA}.Release|x64.Build.0 = Release|Any CPU
		{D5AAF8E4-2480-4EA9-A92B-FFA0656CB5BA}.Release|x86.ActiveCfg = Release|Any CPU
		{D5AAF8E4-2480-4EA9-A92B-FFA0656CB5BA}.Release|x86.Build.0 = Release|Any CPU
		{F5EB2348-A383-4070-B901-59F6228E9B01}.Ad-Hoc|Any CPU.ActiveCfg = Release|Any CPU
		{F5EB2348-A383-4070-B901-59F6228E9B01}.Ad-Hoc|Any CPU.Build.0 = Release|Any CPU
		{F5EB2348-A383-4070-B901-59F6228E9B01}.Ad-Hoc|ARM.ActiveCfg = Release|Any CPU
		{F5EB2348-A383-4070-B901-59F6228E9B01}.Ad-Hoc|ARM.Build.0 = Release|Any CPU
		{F5EB2348-A383-4070-B901-59F6228E9B01}.Ad-Hoc|iPhone.ActiveCfg = Release|Any CPU
		{F5EB2348-A383-4070-B901-59F6228E9B01}.Ad-Hoc|iPhone.Build.0 = Release|Any CPU
		{F5EB2348-A383-4070-B901-59F6228E9B01}.Ad-Hoc|iPhoneSimulator.ActiveCfg = Release|Any CPU
		{F5EB2348-A383-4070-B901-59F6228E9B01}.Ad-Hoc|iPhoneSimulator.Build.0 = Release|Any CPU
		{F5EB2348-A383-4070-B901-59F6228E9B01}.Ad-Hoc|x64.ActiveCfg = Release|Any CPU
		{F5EB2348-A383-4070-B901-59F6228E9B01}.Ad-Hoc|x64.Build.0 = Release|Any CPU
		{F5EB2348-A383-4070-B901-59F6228E9B01}.Ad-Hoc|x86.ActiveCfg = Release|Any CPU
		{F5EB2348-A383-4070-B901-59F6228E9B01}.Ad-Hoc|x86.Build.0 = Release|Any CPU
		{F5EB2348-A383-4070-B901-59F6228E9B01}.AppStore|Any CPU.ActiveCfg = Release|Any CPU
		{F5EB2348-A383-4070-B901-59F6228E9B01}.AppStore|Any CPU.Build.0 = Release|Any CPU
		{F5EB2348-A383-4070-B901-59F6228E9B01}.AppStore|ARM.ActiveCfg = Release|Any CPU
		{F5EB2348-A383-4070-B901-59F6228E9B01}.AppStore|ARM.Build.0 = Release|Any CPU
		{F5EB2348-A383-4070-B901-59F6228E9B01}.AppStore|iPhone.ActiveCfg = Release|Any CPU
		{F5EB2348-A383-4070-B901-59F6228E9B01}.AppStore|iPhone.Build.0 = Release|Any CPU
		{F5EB2348-A383-4070-B901-59F6228E9B01}.AppStore|iPhoneSimulator.ActiveCfg = Release|Any CPU
		{F5EB2348-A383-4070-B901-59F6228E9B01}.AppStore|iPhoneSimulator.Build.0 = Release|Any CPU
		{F5EB2348-A383-4070-B901-59F6228E9B01}.AppStore|x64.ActiveCfg = Release|Any CPU
		{F5EB2348-A383-4070-B901-59F6228E9B01}.AppStore|x64.Build.0 = Release|Any CPU
		{F5EB2348-A383-4070-B901-59F6228E9B01}.AppStore|x86.ActiveCfg = Release|Any CPU
		{F5EB2348-A383-4070-B901-59F6228E9B01}.AppStore|x86.Build.0 = Release|Any CPU
		{F5EB2348-A383-4070-B901-59F6228E9B01}.Debug|Any CPU.ActiveCfg = Debug|Any CPU
		{F5EB2348-A383-4070-B901-59F6228E9B01}.Debug|Any CPU.Build.0 = Debug|Any CPU
		{F5EB2348-A383-4070-B901-59F6228E9B01}.Debug|ARM.ActiveCfg = Debug|Any CPU
		{F5EB2348-A383-4070-B901-59F6228E9B01}.Debug|ARM.Build.0 = Debug|Any CPU
		{F5EB2348-A383-4070-B901-59F6228E9B01}.Debug|iPhone.ActiveCfg = Debug|Any CPU
		{F5EB2348-A383-4070-B901-59F6228E9B01}.Debug|iPhone.Build.0 = Debug|Any CPU
		{F5EB2348-A383-4070-B901-59F6228E9B01}.Debug|iPhoneSimulator.ActiveCfg = Debug|Any CPU
		{F5EB2348-A383-4070-B901-59F6228E9B01}.Debug|iPhoneSimulator.Build.0 = Debug|Any CPU
		{F5EB2348-A383-4070-B901-59F6228E9B01}.Debug|x64.ActiveCfg = Debug|Any CPU
		{F5EB2348-A383-4070-B901-59F6228E9B01}.Debug|x64.Build.0 = Debug|Any CPU
		{F5EB2348-A383-4070-B901-59F6228E9B01}.Debug|x86.ActiveCfg = Debug|Any CPU
		{F5EB2348-A383-4070-B901-59F6228E9B01}.Debug|x86.Build.0 = Debug|Any CPU
		{F5EB2348-A383-4070-B901-59F6228E9B01}.Release|Any CPU.ActiveCfg = Release|Any CPU
		{F5EB2348-A383-4070-B901-59F6228E9B01}.Release|Any CPU.Build.0 = Release|Any CPU
		{F5EB2348-A383-4070-B901-59F6228E9B01}.Release|ARM.ActiveCfg = Release|Any CPU
		{F5EB2348-A383-4070-B901-59F6228E9B01}.Release|ARM.Build.0 = Release|Any CPU
		{F5EB2348-A383-4070-B901-59F6228E9B01}.Release|iPhone.ActiveCfg = Release|Any CPU
		{F5EB2348-A383-4070-B901-59F6228E9B01}.Release|iPhone.Build.0 = Release|Any CPU
		{F5EB2348-A383-4070-B901-59F6228E9B01}.Release|iPhoneSimulator.ActiveCfg = Release|Any CPU
		{F5EB2348-A383-4070-B901-59F6228E9B01}.Release|iPhoneSimulator.Build.0 = Release|Any CPU
		{F5EB2348-A383-4070-B901-59F6228E9B01}.Release|x64.ActiveCfg = Release|Any CPU
		{F5EB2348-A383-4070-B901-59F6228E9B01}.Release|x64.Build.0 = Release|Any CPU
		{F5EB2348-A383-4070-B901-59F6228E9B01}.Release|x86.ActiveCfg = Release|Any CPU
		{F5EB2348-A383-4070-B901-59F6228E9B01}.Release|x86.Build.0 = Release|Any CPU
	EndGlobalSection
	GlobalSection(SolutionProperties) = preSolution
		HideSolutionNode = FALSE
	EndGlobalSection
	GlobalSection(NestedProjects) = preSolution
		{80199993-94C4-4B18-AC0B-1514E0D01969} = {08F718B5-78CC-40D4-ACB2-497E4B50BBDD}
		{09285D47-8FB6-4308-B037-01D16A4B747C} = {08F718B5-78CC-40D4-ACB2-497E4B50BBDD}
		{EF5B9436-DBAB-40F3-A9BE-F8CAA1B3574E} = {08F718B5-78CC-40D4-ACB2-497E4B50BBDD}
		{6B02DCE2-0C82-4B19-9B03-A5B47CF717F4} = {09751793-F0B5-4A48-A3AE-B727A4356B97}
		{AEEF1504-2EBA-4707-91DB-9F9638BB6111} = {09751793-F0B5-4A48-A3AE-B727A4356B97}
		{C5DA454F-AAE9-4C2A-9039-4B2A6EF94AED} = {09751793-F0B5-4A48-A3AE-B727A4356B97}
		{66387551-D978-4287-9B24-0FDB10273F97} = {09751793-F0B5-4A48-A3AE-B727A4356B97}
		{7F7FF1E9-8CC1-45F4-9C76-784812E2488B} = {09751793-F0B5-4A48-A3AE-B727A4356B97}
		{D5AAF8E4-2480-4EA9-A92B-FFA0656CB5BA} = {09751793-F0B5-4A48-A3AE-B727A4356B97}
		{F5EB2348-A383-4070-B901-59F6228E9B01} = {A5A2301E-381E-4ACE-B655-B4D667FA8B03}
	EndGlobalSection
EndGlobal
